
Microsoft Visual Studio Solution File, Format Version 12.00
# Visual Studio 15
VisualStudioVersion = 15.0.28307.168
MinimumVisualStudioVersion = 10.0.40219.1
Project("{9A19103F-16F7-4668-BE54-9A1E7A4F7556}") = "Test", "Test\Test.csproj", "{1CA779CB-1AA9-4219-949A-F9FAD674AEB0}"
EndProject
Project("{FAE04EC0-301F-11D3-BF4B-00C04F79EFBC}") = "EFTest", "EFTest\EFTest.csproj", "{B6D70CAD-68FA-46DD-B018-5FE2204AD5B9}"
EndProject
Global
	GlobalSection(SolutionConfigurationPlatforms) = preSolution
		Debug|Any CPU = Debug|Any CPU
		Release|Any CPU = Release|Any CPU
	EndGlobalSection
	GlobalSection(ProjectConfigurationPlatforms) = postSolution
		{1CA779CB-1AA9-4219-949A-F9FAD674AEB0}.Debug|Any CPU.ActiveCfg = Debug|Any CPU
		{1CA779CB-1AA9-4219-949A-F9FAD674AEB0}.Debug|Any CPU.Build.0 = Debug|Any CPU
		{1CA779CB-1AA9-4219-949A-F9FAD674AEB0}.Release|Any CPU.ActiveCfg = Release|Any CPU
		{1CA779CB-1AA9-4219-949A-F9FAD674AEB0}.Release|Any CPU.Build.0 = Release|Any CPU
		{B6D70CAD-68FA-46DD-B018-5FE2204AD5B9}.Debug|Any CPU.ActiveCfg = Debug|Any CPU
		{B6D70CAD-68FA-46DD-B018-5FE2204AD5B9}.Debug|Any CPU.Build.0 = Debug|Any CPU
		{B6D70CAD-68FA-46DD-B018-5FE2204AD5B9}.Release|Any CPU.ActiveCfg = Release|Any CPU
		{B6D70CAD-68FA-46DD-B018-5FE2204AD5B9}.Release|Any CPU.Build.0 = Release|Any CPU
	EndGlobalSection
	GlobalSection(SolutionProperties) = preSolution
		HideSolutionNode = FALSE
	EndGlobalSection
	GlobalSection(ExtensibilityGlobals) = postSolution
		SolutionGuid = {69E08F18-8A32-4DB2-9206-6B0DFE523BCB}
	EndGlobalSection
EndGlobal
